
Microsoft Visual Studio Solution File, Format Version 12.00
# Visual Studio 15
VisualStudioVersion = 15.0.27004.2002
MinimumVisualStudioVersion = 10.0.40219.1
Project("{9A19103F-16F7-4668-BE54-9A1E7A4F7556}") = "ConnectCD.NetCoreWebApi", "ConnectCD-NetCoreWebApi\ConnectCD.NetCoreWebApi.csproj", "{4B2C5EB6-2FDB-43EC-9F5B-364858D4642A}"
EndProject
Global
	GlobalSection(SolutionConfigurationPlatforms) = preSolution
		Debug|Any CPU = Debug|Any CPU
		Release|Any CPU = Release|Any CPU
	EndGlobalSection
	GlobalSection(ProjectConfigurationPlatforms) = postSolution
		{4B2C5EB6-2FDB-43EC-9F5B-364858D4642A}.Debug|Any CPU.ActiveCfg = Debug|Any CPU
		{4B2C5EB6-2FDB-43EC-9F5B-364858D4642A}.Debug|Any CPU.Build.0 = Debug|Any CPU
		{4B2C5EB6-2FDB-43EC-9F5B-364858D4642A}.Release|Any CPU.ActiveCfg = Release|Any CPU
		{4B2C5EB6-2FDB-43EC-9F5B-364858D4642A}.Release|Any CPU.Build.0 = Release|Any CPU
	EndGlobalSection
	GlobalSection(SolutionProperties) = preSolution
		HideSolutionNode = FALSE
	EndGlobalSection
	GlobalSection(ExtensibilityGlobals) = postSolution
		SolutionGuid = {B1577CF1-C6F6-481E-8295-9977A9A4B45C}
	EndGlobalSection
EndGlobal
